
Microsoft Visual Studio Solution File, Format Version 12.00
# Visual Studio Version 16
VisualStudioVersion = 16.0.30503.244
MinimumVisualStudioVersion = 10.0.40219.1
Project("{8BC9CEB8-8B4A-11D0-8D11-00A0C91BC942}") = "UDP_SERVER", "UDP_SERVER.vcxproj", "{3FF781B4-2033-4455-B911-5F3B45B1595F}"
EndProject
Global
	GlobalSection(SolutionConfigurationPlatforms) = preSolution
		Debug|x64 = Debug|x64
		Debug|x86 = Debug|x86
		Release|x64 = Release|x64
		Release|x86 = Release|x86
	EndGlobalSection
	GlobalSection(ProjectConfigurationPlatforms) = postSolution
		{3FF781B4-2033-4455-B911-5F3B45B1595F}.Debug|x64.ActiveCfg = Debug|x64
		{3FF781B4-2033-4455-B911-5F3B45B1595F}.Debug|x64.Build.0 = Debug|x64
		{3FF781B4-2033-4455-B911-5F3B45B1595F}.Debug|x86.ActiveCfg = Debug|Win32
		{3FF781B4-2033-4455-B911-5F3B45B1595F}.Debug|x86.Build.0 = Debug|Win32
		{3FF781B4-2033-4455-B911-5F3B45B1595F}.Release|x64.ActiveCfg = Release|x64
		{3FF781B4-2033-4455-B911-5F3B45B1595F}.Release|x64.Build.0 = Release|x64
		{3FF781B4-2033-4455-B911-5F3B45B1595F}.Release|x86.ActiveCfg = Release|Win32
		{3FF781B4-2033-4455-B911-5F3B45B1595F}.Release|x86.Build.0 = Release|Win32
	EndGlobalSection
	GlobalSection(SolutionProperties) = preSolution
		HideSolutionNode = FALSE
	EndGlobalSection
	GlobalSection(ExtensibilityGlobals) = postSolution
		SolutionGuid = {B0000330-897A-4DE7-9D29-C2E8913DD55F}
	EndGlobalSection
EndGlobal
